
Microsoft Visual Studio Solution File, Format Version 12.00
# Visual Studio Version 16
VisualStudioVersion = 16.0.29215.179
MinimumVisualStudioVersion = 10.0.40219.1
Project("{FAE04EC0-301F-11D3-BF4B-00C04F79EFBC}") = "BubbleSort", "BubbleSort.csproj", "{822A8375-D402-4FFB-BF66-9BD5C8F9C48F}"
EndProject
Global
	GlobalSection(SolutionConfigurationPlatforms) = preSolution
		Debug|Any CPU = Debug|Any CPU
		Release|Any CPU = Release|Any CPU
	EndGlobalSection
	GlobalSection(ProjectConfigurationPlatforms) = postSolution
		{822A8375-D402-4FFB-BF66-9BD5C8F9C48F}.Debug|Any CPU.ActiveCfg = Debug|Any CPU
		{822A8375-D402-4FFB-BF66-9BD5C8F9C48F}.Debug|Any CPU.Build.0 = Debug|Any CPU
		{822A8375-D402-4FFB-BF66-9BD5C8F9C48F}.Release|Any CPU.ActiveCfg = Release|Any CPU
		{822A8375-D402-4FFB-BF66-9BD5C8F9C48F}.Release|Any CPU.Build.0 = Release|Any CPU
	EndGlobalSection
	GlobalSection(SolutionProperties) = preSolution
		HideSolutionNode = FALSE
	EndGlobalSection
	GlobalSection(ExtensibilityGlobals) = postSolution
		SolutionGuid = {DB53FFA3-07A6-49CE-95F2-D91AB2C35F86}
	EndGlobalSection
EndGlobal
