
Microsoft Visual Studio Solution File, Format Version 12.00
# Visual Studio Version 16
VisualStudioVersion = 16.0.29215.179
MinimumVisualStudioVersion = 10.0.40219.1
Project("{FAE04EC0-301F-11D3-BF4B-00C04F79EFBC}") = "GCD", "GCD.csproj", "{B4B2B488-899B-41CD-8579-2B01E6A7B60D}"
EndProject
Global
	GlobalSection(SolutionConfigurationPlatforms) = preSolution
		Debug|Any CPU = Debug|Any CPU
		Release|Any CPU = Release|Any CPU
	EndGlobalSection
	GlobalSection(ProjectConfigurationPlatforms) = postSolution
		{B4B2B488-899B-41CD-8579-2B01E6A7B60D}.Debug|Any CPU.ActiveCfg = Debug|Any CPU
		{B4B2B488-899B-41CD-8579-2B01E6A7B60D}.Debug|Any CPU.Build.0 = Debug|Any CPU
		{B4B2B488-899B-41CD-8579-2B01E6A7B60D}.Release|Any CPU.ActiveCfg = Release|Any CPU
		{B4B2B488-899B-41CD-8579-2B01E6A7B60D}.Release|Any CPU.Build.0 = Release|Any CPU
	EndGlobalSection
	GlobalSection(SolutionProperties) = preSolution
		HideSolutionNode = FALSE
	EndGlobalSection
	GlobalSection(ExtensibilityGlobals) = postSolution
		SolutionGuid = {5857B71D-78D1-4409-9ADE-ECA1A58CEFE4}
	EndGlobalSection
EndGlobal
